// !$*UTF8*$!
{
	archiveVersion = 1;
	classes = {
	};
	objectVersion = 50;
	objects = {

/* Begin PBXBuildFile section */
		DC12000E2404467E0036BB3C /* Localization.strings in Resources */ = {isa = PBXBuildFile; fileRef = DC12000D2404467E0036BB3C /* Localization.strings */; };
		DC3AD23324083550005A4F27 /* MapKit.framework in Frameworks */ = {isa = PBXBuildFile; fileRef = DC3AD23224083550005A4F27 /* MapKit.framework */; };
		DCDAF9752402AFB0005087FE /* AppDelegate.swift in Sources */ = {isa = PBXBuildFile; fileRef = DCDAF9742402AFB0005087FE /* AppDelegate.swift */; };
		DCDAF9772402AFB0005087FE /* SceneDelegate.swift in Sources */ = {isa = PBXBuildFile; fileRef = DCDAF9762402AFB0005087FE /* SceneDelegate.swift */; };
		DCDAF9792402AFB0005087FE /* ViewController.swift in Sources */ = {isa = PBXBuildFile; fileRef = DCDAF9782402AFB0005087FE /* ViewController.swift */; };
		DCDAF97C2402AFB0005087FE /* Main.storyboard in Resources */ = {isa = PBXBuildFile; fileRef = DCDAF97A2402AFB0005087FE /* Main.storyboard */; };
		DCDAF97E2402AFB5005087FE /* Assets.xcassets in Resources */ = {isa = PBXBuildFile; fileRef = DCDAF97D2402AFB5005087FE /* Assets.xcassets */; };
		DCDAF9812402AFB5005087FE /* LaunchScreen.storyboard in Resources */ = {isa = PBXBuildFile; fileRef = DCDAF97F2402AFB5005087FE /* LaunchScreen.storyboard */; };
		DCDAF9892402D799005087FE /* ContentTypeSelectionViewController.swift in Sources */ = {isa = PBXBuildFile; fileRef = DCDAF9882402D799005087FE /* ContentTypeSelectionViewController.swift */; };
/* End PBXBuildFile section */

/* Begin PBXFileReference section */
		DC12000D2404467E0036BB3C /* Localization.strings */ = {isa = PBXFileReference; lastKnownFileType = text.plist.strings; path = Localization.strings; sourceTree = "<group>"; };
		DC3AD23224083550005A4F27 /* MapKit.framework */ = {isa = PBXFileReference; lastKnownFileType = wrapper.framework; name = MapKit.framework; path = System/Library/Frameworks/MapKit.framework; sourceTree = SDKROOT; };
		DCDAF9712402AFB0005087FE /* KeyView.app */ = {isa = PBXFileReference; explicitFileType = wrapper.application; includeInIndex = 0; path = KeyView.app; sourceTree = BUILT_PRODUCTS_DIR; };
		DCDAF9742402AFB0005087FE /* AppDelegate.swift */ = {isa = PBXFileReference; lastKnownFileType = sourcecode.swift; path = AppDelegate.swift; sourceTree = "<group>"; };
		DCDAF9762402AFB0005087FE /* SceneDelegate.swift */ = {isa = PBXFileReference; lastKnownFileType = sourcecode.swift; path = SceneDelegate.swift; sourceTree = "<group>"; };
		DCDAF9782402AFB0005087FE /* ViewController.swift */ = {isa = PBXFileReference; lastKnownFileType = sourcecode.swift; path = ViewController.swift; sourceTree = "<group>"; };
		DCDAF97B2402AFB0005087FE /* Base */ = {isa = PBXFileReference; lastKnownFileType = file.storyboard; name = Base; path = Base.lproj/Main.storyboard; sourceTree = "<group>"; };
		DCDAF97D2402AFB5005087FE /* Assets.xcassets */ = {isa = PBXFileReference; lastKnownFileType = folder.assetcatalog; path = Assets.xcassets; sourceTree = "<group>"; };
		DCDAF9802402AFB5005087FE /* Base */ = {isa = PBXFileReference; lastKnownFileType = file.storyboard; name = Base; path = Base.lproj/LaunchScreen.storyboard; sourceTree = "<group>"; };
		DCDAF9822402AFB5005087FE /* Info.plist */ = {isa = PBXFileReference; lastKnownFileType = text.plist.xml; path = Info.plist; sourceTree = "<group>"; };
		DCDAF9882402D799005087FE /* ContentTypeSelectionViewController.swift */ = {isa = PBXFileReference; lastKnownFileType = sourcecode.swift; path = ContentTypeSelectionViewController.swift; sourceTree = "<group>"; };
/* End PBXFileReference section */

/* Begin PBXFrameworksBuildPhase section */
		DCDAF96E2402AFB0005087FE /* Frameworks */ = {
			isa = PBXFrameworksBuildPhase;
			buildActionMask = 2147483647;
			files = (
				DC3AD23324083550005A4F27 /* MapKit.framework in Frameworks */,
			);
			runOnlyForDeploymentPostprocessing = 0;
		};
/* End PBXFrameworksBuildPhase section */

/* Begin PBXGroup section */
		DC3AD23124083550005A4F27 /* Frameworks */ = {
			isa = PBXGroup;
			children = (
				DC3AD23224083550005A4F27 /* MapKit.framework */,
			);
			name = Frameworks;
			sourceTree = "<group>";
		};
		DCDAF9682402AFB0005087FE = {
			isa = PBXGroup;
			children = (
				DCDAF9732402AFB0005087FE /* KeyboardPreview */,
				DCDAF9722402AFB0005087FE /* Products */,
				DC3AD23124083550005A4F27 /* Frameworks */,
			);
			sourceTree = "<group>";
		};
		DCDAF9722402AFB0005087FE /* Products */ = {
			isa = PBXGroup;
			children = (
				DCDAF9712402AFB0005087FE /* KeyView.app */,
			);
			name = Products;
			sourceTree = "<group>";
		};
		DCDAF9732402AFB0005087FE /* KeyboardPreview */ = {
			isa = PBXGroup;
			children = (
				DCDAF9742402AFB0005087FE /* AppDelegate.swift */,
				DCDAF9762402AFB0005087FE /* SceneDelegate.swift */,
				DCDAF9782402AFB0005087FE /* ViewController.swift */,
				DCDAF9882402D799005087FE /* ContentTypeSelectionViewController.swift */,
				DCDAF97A2402AFB0005087FE /* Main.storyboard */,
				DCDAF97D2402AFB5005087FE /* Assets.xcassets */,
				DCDAF97F2402AFB5005087FE /* LaunchScreen.storyboard */,
				DCDAF9822402AFB5005087FE /* Info.plist */,
				DC12000D2404467E0036BB3C /* Localization.strings */,
			);
			path = KeyboardPreview;
			sourceTree = "<group>";
		};
/* End PBXGroup section */

/* Begin PBXNativeTarget section */
		DCDAF9702402AFB0005087FE /* KeyboardPreview */ = {
			isa = PBXNativeTarget;
			buildConfigurationList = DCDAF9852402AFB5005087FE /* Build configuration list for PBXNativeTarget "KeyboardPreview" */;
			buildPhases = (
				DCDAF96D2402AFB0005087FE /* Sources */,
				DCDAF96E2402AFB0005087FE /* Frameworks */,
				DCDAF96F2402AFB0005087FE /* Resources */,
			);
			buildRules = (
			);
			dependencies = (
			);
			name = KeyboardPreview;
			productName = KeyboardPreview;
			productReference = DCDAF9712402AFB0005087FE /* KeyView.app */;
			productType = "com.apple.product-type.application";
		};
/* End PBXNativeTarget section */

/* Begin PBXProject section */
		DCDAF9692402AFB0005087FE /* Project object */ = {
			isa = PBXProject;
			attributes = {
				LastSwiftUpdateCheck = 1130;
				LastUpgradeCheck = 1130;
				ORGANIZATIONNAME = "Filip Němeček";
				TargetAttributes = {
					DCDAF9702402AFB0005087FE = {
						CreatedOnToolsVersion = 11.3;
					};
				};
			};
			buildConfigurationList = DCDAF96C2402AFB0005087FE /* Build configuration list for PBXProject "KeyboardPreview" */;
			compatibilityVersion = "Xcode 9.3";
			developmentRegion = en;
			hasScannedForEncodings = 0;
			knownRegions = (
				en,
				Base,
			);
			mainGroup = DCDAF9682402AFB0005087FE;
			productRefGroup = DCDAF9722402AFB0005087FE /* Products */;
			projectDirPath = "";
			projectRoot = "";
			targets = (
				DCDAF9702402AFB0005087FE /* KeyboardPreview */,
			);
		};
/* End PBXProject section */

/* Begin PBXResourcesBuildPhase section */
		DCDAF96F2402AFB0005087FE /* Resources */ = {
			isa = PBXResourcesBuildPhase;
			buildActionMask = 2147483647;
			files = (
				DCDAF9812402AFB5005087FE /* LaunchScreen.storyboard in Resources */,
				DC12000E2404467E0036BB3C /* Localization.strings in Resources */,
				DCDAF97E2402AFB5005087FE /* Assets.xcassets in Resources */,
				DCDAF97C2402AFB0005087FE /* Main.storyboard in Resources */,
			);
			runOnlyForDeploymentPostprocessing = 0;
		};
/* End PBXResourcesBuildPhase section */

/* Begin PBXSourcesBuildPhase section */
		DCDAF96D2402AFB0005087FE /* Sources */ = {
			isa = PBXSourcesBuildPhase;
			buildActionMask = 2147483647;
			files = (
				DCDAF9792402AFB0005087FE /* ViewController.swift in Sources */,
				DCDAF9892402D799005087FE /* ContentTypeSelectionViewController.swift in Sources */,
				DCDAF9752402AFB0005087FE /* AppDelegate.swift in Sources */,
				DCDAF9772402AFB0005087FE /* SceneDelegate.swift in Sources */,
			);
			runOnlyForDeploymentPostprocessing = 0;
		};
/* End PBXSourcesBuildPhase section */

/* Begin PBXVariantGroup section */
		DCDAF97A2402AFB0005087FE /* Main.storyboard */ = {
			isa = PBXVariantGroup;
			children = (
				DCDAF97B2402AFB0005087FE /* Base */,
			);
			name = Main.storyboard;
			sourceTree = "<group>";
		};
		DCDAF97F2402AFB5005087FE /* LaunchScreen.storyboard */ = {
			isa = PBXVariantGroup;
			children = (
				DCDAF9802402AFB5005087FE /* Base */,
			);
			name = LaunchScreen.storyboard;
			sourceTree = "<group>";
		};
/* End PBXVariantGroup section */

/* Begin XCBuildConfiguration section */
		DCDAF9832402AFB5005087FE /* Debug */ = {
			isa = XCBuildConfiguration;
			buildSettings = {
				ALWAYS_SEARCH_USER_PATHS = NO;
				CLANG_ANALYZER_LOCALIZABILITY_NONLOCALIZED = YES;
				CLANG_ANALYZER_NONNULL = YES;
				CLANG_ANALYZER_NUMBER_OBJECT_CONVERSION = YES_AGGRESSIVE;
				CLANG_CXX_LANGUAGE_STANDARD = "gnu++14";
				CLANG_CXX_LIBRARY = "libc++";
				CLANG_ENABLE_MODULES = YES;
				CLANG_ENABLE_OBJC_ARC = YES;
				CLANG_ENABLE_OBJC_WEAK = YES;
				CLANG_WARN_BLOCK_CAPTURE_AUTORELEASING = YES;
				CLANG_WARN_BOOL_CONVERSION = YES;
				CLANG_WARN_COMMA = YES;
				CLANG_WARN_CONSTANT_CONVERSION = YES;
				CLANG_WARN_DEPRECATED_OBJC_IMPLEMENTATIONS = YES;
				CLANG_WARN_DIRECT_OBJC_ISA_USAGE = YES_ERROR;
				CLANG_WARN_DOCUMENTATION_COMMENTS = YES;
				CLANG_WARN_EMPTY_BODY = YES;
				CLANG_WARN_ENUM_CONVERSION = YES;
				CLANG_WARN_INFINITE_RECURSION = YES;
				CLANG_WARN_INT_CONVERSION = YES;
				CLANG_WARN_NON_LITERAL_NULL_CONVERSION = YES;
				CLANG_WARN_OBJC_IMPLICIT_RETAIN_SELF = YES;
				CLANG_WARN_OBJC_LITERAL_CONVERSION = YES;
				CLANG_WARN_OBJC_ROOT_CLASS = YES_ERROR;
				CLANG_WARN_RANGE_LOOP_ANALYSIS = YES;
				CLANG_WARN_STRICT_PROTOTYPES = YES;
				CLANG_WARN_SUSPICIOUS_MOVE = YES;
				CLANG_WARN_UNGUARDED_AVAILABILITY = YES_AGGRESSIVE;
				CLANG_WARN_UNREACHABLE_CODE = YES;
				CLANG_WARN__DUPLICATE_METHOD_MATCH = YES;
				COPY_PHASE_STRIP = NO;
				DEBUG_INFORMATION_FORMAT = dwarf;
				ENABLE_STRICT_OBJC_MSGSEND = YES;
				ENABLE_TESTABILITY = YES;
				GCC_C_LANGUAGE_STANDARD = gnu11;
				GCC_DYNAMIC_NO_PIC = NO;
				GCC_NO_COMMON_BLOCKS = YES;
				GCC_OPTIMIZATION_LEVEL = 0;
				GCC_PREPROCESSOR_DEFINITIONS = (
					"DEBUG=1",
					"$(inherited)",
				);
				GCC_WARN_64_TO_32_BIT_CONVERSION = YES;
				GCC_WARN_ABOUT_RETURN_TYPE = YES_ERROR;
				GCC_WARN_UNDECLARED_SELECTOR = YES;
				GCC_WARN_UNINITIALIZED_AUTOS = YES_AGGRESSIVE;
				GCC_WARN_UNUSED_FUNCTION = YES;
				GCC_WARN_UNUSED_VARIABLE = YES;
				IPHONEOS_DEPLOYMENT_TARGET = 13.0;
				MTL_ENABLE_DEBUG_INFO = INCLUDE_SOURCE;
				MTL_FAST_MATH = YES;
				ONLY_ACTIVE_ARCH = YES;
				SDKROOT = iphoneos;
				SWIFT_ACTIVE_COMPILATION_CONDITIONS = DEBUG;
				SWIFT_OPTIMIZATION_LEVEL = "-Onone";
			};
			name = Debug;
		};
		DCDAF9842402AFB5005087FE /* Release */ = {
			isa = XCBuildConfiguration;
			buildSettings = {
				ALWAYS_SEARCH_USER_PATHS = NO;
				CLANG_ANALYZER_LOCALIZABILITY_NONLOCALIZED = YES;
				CLANG_ANALYZER_NONNULL = YES;
				CLANG_ANALYZER_NUMBER_OBJECT_CONVERSION = YES_AGGRESSIVE;
				CLANG_CXX_LANGUAGE_STANDARD = "gnu++14";
				CLANG_CXX_LIBRARY = "libc++";
				CLANG_ENABLE_MODULES = YES;
				CLANG_ENABLE_OBJC_ARC = YES;
				CLANG_ENABLE_OBJC_WEAK = YES;
				CLANG_WARN_BLOCK_CAPTURE_AUTORELEASING = YES;
				CLANG_WARN_BOOL_CONVERSION = YES;
				CLANG_WARN_COMMA = YES;
				CLANG_WARN_CONSTANT_CONVERSION = YES;
				CLANG_WARN_DEPRECATED_OBJC_IMPLEMENTATIONS = YES;
				CLANG_WARN_DIRECT_OBJC_ISA_USAGE = YES_ERROR;
				CLANG_WARN_DOCUMENTATION_COMMENTS = YES;
				CLANG_WARN_EMPTY_BODY = YES;
				CLANG_WARN_ENUM_CONVERSION = YES;
				CLANG_WARN_INFINITE_RECURSION = YES;
				CLANG_WARN_INT_CONVERSION = YES;
				CLANG_WARN_NON_LITERAL_NULL_CONVERSION = YES;
				CLANG_WARN_OBJC_IMPLICIT_RETAIN_SELF = YES;
				CLANG_WARN_OBJC_LITERAL_CONVERSION = YES;
				CLANG_WARN_OBJC_ROOT_CLASS = YES_ERROR;
				CLANG_WARN_RANGE_LOOP_ANALYSIS = YES;
				CLANG_WARN_STRICT_PROTOTYPES = YES;
				CLANG_WARN_SUSPICIOUS_MOVE = YES;
				CLANG_WARN_UNGUARDED_AVAILABILITY = YES_AGGRESSIVE;
				CLANG_WARN_UNREACHABLE_CODE = YES;
				CLANG_WARN__DUPLICATE_METHOD_MATCH = YES;
				COPY_PHASE_STRIP = NO;
				DEBUG_INFORMATION_FORMAT = "dwarf-with-dsym";
				ENABLE_NS_ASSERTIONS = NO;
				ENABLE_STRICT_OBJC_MSGSEND = YES;
				GCC_C_LANGUAGE_STANDARD = gnu11;
				GCC_NO_COMMON_BLOCKS = YES;
				GCC_WARN_64_TO_32_BIT_CONVERSION = YES;
				GCC_WARN_ABOUT_RETURN_TYPE = YES_ERROR;
				GCC_WARN_UNDECLARED_SELECTOR = YES;
				GCC_WARN_UNINITIALIZED_AUTOS = YES_AGGRESSIVE;
				GCC_WARN_UNUSED_FUNCTION = YES;
				GCC_WARN_UNUSED_VARIABLE = YES;
				IPHONEOS_DEPLOYMENT_TARGET = 13.0;
				MTL_ENABLE_DEBUG_INFO = NO;
				MTL_FAST_MATH = YES;
				SDKROOT = iphoneos;
				SWIFT_COMPILATION_MODE = wholemodule;
				SWIFT_OPTIMIZATION_LEVEL = "-O";
				VALIDATE_PRODUCT = YES;
			};
			name = Release;
		};
		DCDAF9862402AFB5005087FE /* Debug */ = {
			isa = XCBuildConfiguration;
			buildSettings = {
				ASSETCATALOG_COMPILER_APPICON_NAME = AppIcon;
				CODE_SIGN_STYLE = Automatic;
				DEVELOPMENT_TEAM = S793P9ET2W;
				INFOPLIST_FILE = KeyboardPreview/Info.plist;
				IPHONEOS_DEPLOYMENT_TARGET = 13.0;
				LD_RUNPATH_SEARCH_PATHS = (
					"$(inherited)",
					"@executable_path/Frameworks",
				);
				PRODUCT_BUNDLE_IDENTIFIER = FN.KeyboardPreview;
				PRODUCT_NAME = KeyView;
				SWIFT_VERSION = 5.0;
				TARGETED_DEVICE_FAMILY = "1,2";
			};
			name = Debug;
		};
		DCDAF9872402AFB5005087FE /* Release */ = {
			isa = XCBuildConfiguration;
			buildSettings = {
				ASSETCATALOG_COMPILER_APPICON_NAME = AppIcon;
				CODE_SIGN_STYLE = Automatic;
				DEVELOPMENT_TEAM = S793P9ET2W;
				INFOPLIST_FILE = KeyboardPreview/Info.plist;
				IPHONEOS_DEPLOYMENT_TARGET = 13.0;
				LD_RUNPATH_SEARCH_PATHS = (
					"$(inherited)",
					"@executable_path/Frameworks",
				);
				PRODUCT_BUNDLE_IDENTIFIER = FN.KeyboardPreview;
				PRODUCT_NAME = KeyView;
				SWIFT_VERSION = 5.0;
				TARGETED_DEVICE_FAMILY = "1,2";
			};
			name = Release;
		};
/* End XCBuildConfiguration section */

/* Begin XCConfigurationList section */
		DCDAF96C2402AFB0005087FE /* Build configuration list for PBXProject "KeyboardPreview" */ = {
			isa = XCConfigurationList;
			buildConfigurations = (
				DCDAF9832402AFB5005087FE /* Debug */,
				DCDAF9842402AFB5005087FE /* Release */,
			);
			defaultConfigurationIsVisible = 0;
			defaultConfigurationName = Release;
		};
		DCDAF9852402AFB5005087FE /* Build configuration list for PBXNativeTarget "KeyboardPreview" */ = {
			isa = XCConfigurationList;
			buildConfigurations = (
				DCDAF9862402AFB5005087FE /* Debug */,
				DCDAF9872402AFB5005087FE /* Release */,
			);
			defaultConfigurationIsVisible = 0;
			defaultConfigurationName = Release;
		};
/* End XCConfigurationList section */
	};
	rootObject = DCDAF9692402AFB0005087FE /* Project object */;
}
